// !$*UTF8*$!
{
	archiveVersion = 1;
	classes = {
	};
	objectVersion = 56;
	objects = {

/* Begin PBXBuildFile section */
		EE913A982B8B2947007172D5 /* MapView.swift in Sources */ = {isa = PBXBuildFile; fileRef = EE913A972B8B2947007172D5 /* MapView.swift */; };
		EE913A9A2B8B5C80007172D5 /* CircleImage.swift in Sources */ = {isa = PBXBuildFile; fileRef = EE913A992B8B5C80007172D5 /* CircleImage.swift */; };
		EE913A9C2B8B5D6C007172D5 /* Landmark.swift in Sources */ = {isa = PBXBuildFile; fileRef = EE913A9B2B8B5D6C007172D5 /* Landmark.swift */; };
		EE913A9E2B8B5F22007172D5 /* ModelData.swift in Sources */ = {isa = PBXBuildFile; fileRef = EE913A9D2B8B5F22007172D5 /* ModelData.swift */; };
		EE913AA62B8B6091007172D5 /* LandmarkRow.swift in Sources */ = {isa = PBXBuildFile; fileRef = EE913AA52B8B6091007172D5 /* LandmarkRow.swift */; };
		EE913AA82B8B6445007172D5 /* Resources in Resources */ = {isa = PBXBuildFile; fileRef = EE913AA72B8B6444007172D5 /* Resources */; };
		EECF404E2B7A3AD000EE3E4B /* HamsterApp.swift in Sources */ = {isa = PBXBuildFile; fileRef = EECF404D2B7A3AD000EE3E4B /* HamsterApp.swift */; };
		EECF40502B7A3AD000EE3E4B /* ContentView.swift in Sources */ = {isa = PBXBuildFile; fileRef = EECF404F2B7A3AD000EE3E4B /* ContentView.swift */; };
		EECF40522B7A3AD500EE3E4B /* Assets.xcassets in Resources */ = {isa = PBXBuildFile; fileRef = EECF40512B7A3AD500EE3E4B /* Assets.xcassets */; };
		EECF40552B7A3AD500EE3E4B /* Preview Assets.xcassets in Resources */ = {isa = PBXBuildFile; fileRef = EECF40542B7A3AD500EE3E4B /* Preview Assets.xcassets */; };
/* End PBXBuildFile section */

/* Begin PBXFileReference section */
		EE913A972B8B2947007172D5 /* MapView.swift */ = {isa = PBXFileReference; lastKnownFileType = sourcecode.swift; path = MapView.swift; sourceTree = "<group>"; };
		EE913A992B8B5C80007172D5 /* CircleImage.swift */ = {isa = PBXFileReference; lastKnownFileType = sourcecode.swift; path = CircleImage.swift; sourceTree = "<group>"; };
		EE913A9B2B8B5D6C007172D5 /* Landmark.swift */ = {isa = PBXFileReference; lastKnownFileType = sourcecode.swift; path = Landmark.swift; sourceTree = "<group>"; };
		EE913A9D2B8B5F22007172D5 /* ModelData.swift */ = {isa = PBXFileReference; lastKnownFileType = sourcecode.swift; path = ModelData.swift; sourceTree = "<group>"; };
		EE913AA52B8B6091007172D5 /* LandmarkRow.swift */ = {isa = PBXFileReference; lastKnownFileType = sourcecode.swift; path = LandmarkRow.swift; sourceTree = "<group>"; };
		EE913AA72B8B6444007172D5 /* Resources */ = {isa = PBXFileReference; lastKnownFileType = folder; name = Resources; path = "../../../Desktop/学習/プログラミング/Swift/公式tutorial/BuildingListsAndNavigation/Resources"; sourceTree = "<group>"; };
		EECF404A2B7A3AD000EE3E4B /* Hamster.app */ = {isa = PBXFileReference; explicitFileType = wrapper.application; includeInIndex = 0; path = Hamster.app; sourceTree = BUILT_PRODUCTS_DIR; };
		EECF404D2B7A3AD000EE3E4B /* HamsterApp.swift */ = {isa = PBXFileReference; lastKnownFileType = sourcecode.swift; path = HamsterApp.swift; sourceTree = "<group>"; };
		EECF404F2B7A3AD000EE3E4B /* ContentView.swift */ = {isa = PBXFileReference; lastKnownFileType = sourcecode.swift; path = ContentView.swift; sourceTree = "<group>"; };
		EECF40512B7A3AD500EE3E4B /* Assets.xcassets */ = {isa = PBXFileReference; lastKnownFileType = folder.assetcatalog; path = Assets.xcassets; sourceTree = "<group>"; };
		EECF40542B7A3AD500EE3E4B /* Preview Assets.xcassets */ = {isa = PBXFileReference; lastKnownFileType = folder.assetcatalog; path = "Preview Assets.xcassets"; sourceTree = "<group>"; };
/* End PBXFileReference section */

/* Begin PBXFrameworksBuildPhase section */
		EECF40472B7A3AD000EE3E4B /* Frameworks */ = {
			isa = PBXFrameworksBuildPhase;
			buildActionMask = 2147483647;
			files = (
			);
			runOnlyForDeploymentPostprocessing = 0;
		};
/* End PBXFrameworksBuildPhase section */

/* Begin PBXGroup section */
		EE913A9F2B8B5FCA007172D5 /* Views */ = {
			isa = PBXGroup;
			children = (
				EECF404F2B7A3AD000EE3E4B /* ContentView.swift */,
				EE913AA52B8B6091007172D5 /* LandmarkRow.swift */,
				EE913A992B8B5C80007172D5 /* CircleImage.swift */,
				EE913A972B8B2947007172D5 /* MapView.swift */,
			);
			path = Views;
			sourceTree = "<group>";
		};
		EE913AA02B8B5FF4007172D5 /* Model */ = {
			isa = PBXGroup;
			children = (
				EE913A9D2B8B5F22007172D5 /* ModelData.swift */,
				EE913A9B2B8B5D6C007172D5 /* Landmark.swift */,
			);
			path = Model;
			sourceTree = "<group>";
		};
		EECF40412B7A3AD000EE3E4B = {
			isa = PBXGroup;
			children = (
				EECF404C2B7A3AD000EE3E4B /* Hamster */,
				EECF404B2B7A3AD000EE3E4B /* Products */,
			);
			sourceTree = "<group>";
		};
		EECF404B2B7A3AD000EE3E4B /* Products */ = {
			isa = PBXGroup;
			children = (
				EECF404A2B7A3AD000EE3E4B /* Hamster.app */,
			);
			name = Products;
			sourceTree = "<group>";
		};
		EECF404C2B7A3AD000EE3E4B /* Hamster */ = {
			isa = PBXGroup;
			children = (
				EE913A9F2B8B5FCA007172D5 /* Views */,
				EE913AA02B8B5FF4007172D5 /* Model */,
				EECF40512B7A3AD500EE3E4B /* Assets.xcassets */,
				EECF404D2B7A3AD000EE3E4B /* HamsterApp.swift */,
				EE913AA72B8B6444007172D5 /* Resources */,
				EECF40532B7A3AD500EE3E4B /* Preview Content */,
			);
			path = Hamster;
			sourceTree = "<group>";
		};
		EECF40532B7A3AD500EE3E4B /* Preview Content */ = {
			isa = PBXGroup;
			children = (
				EECF40542B7A3AD500EE3E4B /* Preview Assets.xcassets */,
			);
			path = "Preview Content";
			sourceTree = "<group>";
		};
/* End PBXGroup section */

/* Begin PBXNativeTarget section */
		EECF40492B7A3AD000EE3E4B /* Hamster */ = {
			isa = PBXNativeTarget;
			buildConfigurationList = EECF40582B7A3AD500EE3E4B /* Build configuration list for PBXNativeTarget "Hamster" */;
			buildPhases = (
				EECF40462B7A3AD000EE3E4B /* Sources */,
				EECF40472B7A3AD000EE3E4B /* Frameworks */,
				EECF40482B7A3AD000EE3E4B /* Resources */,
			);
			buildRules = (
			);
			dependencies = (
			);
			name = Hamster;
			productName = Hamster;
			productReference = EECF404A2B7A3AD000EE3E4B /* Hamster.app */;
			productType = "com.apple.product-type.application";
		};
/* End PBXNativeTarget section */

/* Begin PBXProject section */
		EECF40422B7A3AD000EE3E4B /* Project object */ = {
			isa = PBXProject;
			attributes = {
				BuildIndependentTargetsInParallel = 1;
				LastSwiftUpdateCheck = 1520;
				LastUpgradeCheck = 1520;
				TargetAttributes = {
					EECF40492B7A3AD000EE3E4B = {
						CreatedOnToolsVersion = 15.2;
					};
				};
			};
			buildConfigurationList = EECF40452B7A3AD000EE3E4B /* Build configuration list for PBXProject "Hamster" */;
			compatibilityVersion = "Xcode 14.0";
			developmentRegion = en;
			hasScannedForEncodings = 0;
			knownRegions = (
				en,
				Base,
			);
			mainGroup = EECF40412B7A3AD000EE3E4B;
			productRefGroup = EECF404B2B7A3AD000EE3E4B /* Products */;
			projectDirPath = "";
			projectRoot = "";
			targets = (
				EECF40492B7A3AD000EE3E4B /* Hamster */,
			);
		};
/* End PBXProject section */

/* Begin PBXResourcesBuildPhase section */
		EECF40482B7A3AD000EE3E4B /* Resources */ = {
			isa = PBXResourcesBuildPhase;
			buildActionMask = 2147483647;
			files = (
				EE913AA82B8B6445007172D5 /* Resources in Resources */,
				EECF40552B7A3AD500EE3E4B /* Preview Assets.xcassets in Resources */,
				EECF40522B7A3AD500EE3E4B /* Assets.xcassets in Resources */,
			);
			runOnlyForDeploymentPostprocessing = 0;
		};
/* End PBXResourcesBuildPhase section */

/* Begin PBXSourcesBuildPhase section */
		EECF40462B7A3AD000EE3E4B /* Sources */ = {
			isa = PBXSourcesBuildPhase;
			buildActionMask = 2147483647;
			files = (
				EECF40502B7A3AD000EE3E4B /* ContentView.swift in Sources */,
				EE913A9A2B8B5C80007172D5 /* CircleImage.swift in Sources */,
				EE913A982B8B2947007172D5 /* MapView.swift in Sources */,
				EECF404E2B7A3AD000EE3E4B /* HamsterApp.swift in Sources */,
				EE913A9C2B8B5D6C007172D5 /* Landmark.swift in Sources */,
				EE913AA62B8B6091007172D5 /* LandmarkRow.swift in Sources */,
				EE913A9E2B8B5F22007172D5 /* ModelData.swift in Sources */,
			);
			runOnlyForDeploymentPostprocessing = 0;
		};
/* End PBXSourcesBuildPhase section */

/* Begin XCBuildConfiguration section */
		EECF40562B7A3AD500EE3E4B /* Debug */ = {
			isa = XCBuildConfiguration;
			buildSettings = {
				ALWAYS_SEARCH_USER_PATHS = NO;
				ASSETCATALOG_COMPILER_GENERATE_SWIFT_ASSET_SYMBOL_EXTENSIONS = YES;
				CLANG_ANALYZER_NONNULL = YES;
				CLANG_ANALYZER_NUMBER_OBJECT_CONVERSION = YES_AGGRESSIVE;
				CLANG_CXX_LANGUAGE_STANDARD = "gnu++20";
				CLANG_ENABLE_MODULES = YES;
				CLANG_ENABLE_OBJC_ARC = YES;
				CLANG_ENABLE_OBJC_WEAK = YES;
				CLANG_WARN_BLOCK_CAPTURE_AUTORELEASING = YES;
				CLANG_WARN_BOOL_CONVERSION = YES;
				CLANG_WARN_COMMA = YES;
				CLANG_WARN_CONSTANT_CONVERSION = YES;
				CLANG_WARN_DEPRECATED_OBJC_IMPLEMENTATIONS = YES;
				CLANG_WARN_DIRECT_OBJC_ISA_USAGE = YES_ERROR;
				CLANG_WARN_DOCUMENTATION_COMMENTS = YES;
				CLANG_WARN_EMPTY_BODY = YES;
				CLANG_WARN_ENUM_CONVERSION = YES;
				CLANG_WARN_INFINITE_RECURSION = YES;
				CLANG_WARN_INT_CONVERSION = YES;
				CLANG_WARN_NON_LITERAL_NULL_CONVERSION = YES;
				CLANG_WARN_OBJC_IMPLICIT_RETAIN_SELF = YES;
				CLANG_WARN_OBJC_LITERAL_CONVERSION = YES;
				CLANG_WARN_OBJC_ROOT_CLASS = YES_ERROR;
				CLANG_WARN_QUOTED_INCLUDE_IN_FRAMEWORK_HEADER = YES;
				CLANG_WARN_RANGE_LOOP_ANALYSIS = YES;
				CLANG_WARN_STRICT_PROTOTYPES = YES;
				CLANG_WARN_SUSPICIOUS_MOVE = YES;
				CLANG_WARN_UNGUARDED_AVAILABILITY = YES_AGGRESSIVE;
				CLANG_WARN_UNREACHABLE_CODE = YES;
				CLANG_WARN__DUPLICATE_METHOD_MATCH = YES;
				COPY_PHASE_STRIP = NO;
				DEBUG_INFORMATION_FORMAT = dwarf;
				ENABLE_STRICT_OBJC_MSGSEND = YES;
				ENABLE_TESTABILITY = YES;
				ENABLE_USER_SCRIPT_SANDBOXING = YES;
				GCC_C_LANGUAGE_STANDARD = gnu17;
				GCC_DYNAMIC_NO_PIC = NO;
				GCC_NO_COMMON_BLOCKS = YES;
				GCC_OPTIMIZATION_LEVEL = 0;
				GCC_PREPROCESSOR_DEFINITIONS = (
					"DEBUG=1",
					"$(inherited)",
				);
				GCC_WARN_64_TO_32_BIT_CONVERSION = YES;
				GCC_WARN_ABOUT_RETURN_TYPE = YES_ERROR;
				GCC_WARN_UNDECLARED_SELECTOR = YES;
				GCC_WARN_UNINITIALIZED_AUTOS = YES_AGGRESSIVE;
				GCC_WARN_UNUSED_FUNCTION = YES;
				GCC_WARN_UNUSED_VARIABLE = YES;
				IPHONEOS_DEPLOYMENT_TARGET = 17.2;
				LOCALIZATION_PREFERS_STRING_CATALOGS = YES;
				MTL_ENABLE_DEBUG_INFO = INCLUDE_SOURCE;
				MTL_FAST_MATH = YES;
				ONLY_ACTIVE_ARCH = YES;
				SDKROOT = iphoneos;
				SWIFT_ACTIVE_COMPILATION_CONDITIONS = "DEBUG $(inherited)";
				SWIFT_OPTIMIZATION_LEVEL = "-Onone";
			};
			name = Debug;
		};
		EECF40572B7A3AD500EE3E4B /* Release */ = {
			isa = XCBuildConfiguration;
			buildSettings = {
				ALWAYS_SEARCH_USER_PATHS = NO;
				ASSETCATALOG_COMPILER_GENERATE_SWIFT_ASSET_SYMBOL_EXTENSIONS = YES;
				CLANG_ANALYZER_NONNULL = YES;
				CLANG_ANALYZER_NUMBER_OBJECT_CONVERSION = YES_AGGRESSIVE;
				CLANG_CXX_LANGUAGE_STANDARD = "gnu++20";
				CLANG_ENABLE_MODULES = YES;
				CLANG_ENABLE_OBJC_ARC = YES;
				CLANG_ENABLE_OBJC_WEAK = YES;
				CLANG_WARN_BLOCK_CAPTURE_AUTORELEASING = YES;
				CLANG_WARN_BOOL_CONVERSION = YES;
				CLANG_WARN_COMMA = YES;
				CLANG_WARN_CONSTANT_CONVERSION = YES;
				CLANG_WARN_DEPRECATED_OBJC_IMPLEMENTATIONS = YES;
				CLANG_WARN_DIRECT_OBJC_ISA_USAGE = YES_ERROR;
				CLANG_WARN_DOCUMENTATION_COMMENTS = YES;
				CLANG_WARN_EMPTY_BODY = YES;
				CLANG_WARN_ENUM_CONVERSION = YES;
				CLANG_WARN_INFINITE_RECURSION = YES;
				CLANG_WARN_INT_CONVERSION = YES;
				CLANG_WARN_NON_LITERAL_NULL_CONVERSION = YES;
				CLANG_WARN_OBJC_IMPLICIT_RETAIN_SELF = YES;
				CLANG_WARN_OBJC_LITERAL_CONVERSION = YES;
				CLANG_WARN_OBJC_ROOT_CLASS = YES_ERROR;
				CLANG_WARN_QUOTED_INCLUDE_IN_FRAMEWORK_HEADER = YES;
				CLANG_WARN_RANGE_LOOP_ANALYSIS = YES;
				CLANG_WARN_STRICT_PROTOTYPES = YES;
				CLANG_WARN_SUSPICIOUS_MOVE = YES;
				CLANG_WARN_UNGUARDED_AVAILABILITY = YES_AGGRESSIVE;
				CLANG_WARN_UNREACHABLE_CODE = YES;
				CLANG_WARN__DUPLICATE_METHOD_MATCH = YES;
				COPY_PHASE_STRIP = NO;
				DEBUG_INFORMATION_FORMAT = "dwarf-with-dsym";
				ENABLE_NS_ASSERTIONS = NO;
				ENABLE_STRICT_OBJC_MSGSEND = YES;
				ENABLE_USER_SCRIPT_SANDBOXING = YES;
				GCC_C_LANGUAGE_STANDARD = gnu17;
				GCC_NO_COMMON_BLOCKS = YES;
				GCC_WARN_64_TO_32_BIT_CONVERSION = YES;
				GCC_WARN_ABOUT_RETURN_TYPE = YES_ERROR;
				GCC_WARN_UNDECLARED_SELECTOR = YES;
				GCC_WARN_UNINITIALIZED_AUTOS = YES_AGGRESSIVE;
				GCC_WARN_UNUSED_FUNCTION = YES;
				GCC_WARN_UNUSED_VARIABLE = YES;
				IPHONEOS_DEPLOYMENT_TARGET = 17.2;
				LOCALIZATION_PREFERS_STRING_CATALOGS = YES;
				MTL_ENABLE_DEBUG_INFO = NO;
				MTL_FAST_MATH = YES;
				SDKROOT = iphoneos;
				SWIFT_COMPILATION_MODE = wholemodule;
				VALIDATE_PRODUCT = YES;
			};
			name = Release;
		};
		EECF40592B7A3AD500EE3E4B /* Debug */ = {
			isa = XCBuildConfiguration;
			buildSettings = {
				ASSETCATALOG_COMPILER_APPICON_NAME = AppIcon;
				ASSETCATALOG_COMPILER_GLOBAL_ACCENT_COLOR_NAME = AccentColor;
				CODE_SIGN_STYLE = Automatic;
				CURRENT_PROJECT_VERSION = 1;
				DEVELOPMENT_ASSET_PATHS = "\"Hamster/Preview Content\"";
				DEVELOPMENT_TEAM = FN4ZFYG2L7;
				ENABLE_PREVIEWS = YES;
				GENERATE_INFOPLIST_FILE = YES;
				INFOPLIST_KEY_UIApplicationSceneManifest_Generation = YES;
				INFOPLIST_KEY_UIApplicationSupportsIndirectInputEvents = YES;
				INFOPLIST_KEY_UILaunchScreen_Generation = YES;
				INFOPLIST_KEY_UISupportedInterfaceOrientations_iPad = "UIInterfaceOrientationPortrait UIInterfaceOrientationPortraitUpsideDown UIInterfaceOrientationLandscapeLeft UIInterfaceOrientationLandscapeRight";
				INFOPLIST_KEY_UISupportedInterfaceOrientations_iPhone = "UIInterfaceOrientationPortrait UIInterfaceOrientationLandscapeLeft UIInterfaceOrientationLandscapeRight";
				LD_RUNPATH_SEARCH_PATHS = (
					"$(inherited)",
					"@executable_path/Frameworks",
				);
				MARKETING_VERSION = 1.0;
				PRODUCT_BUNDLE_IDENTIFIER = com.gmail.chanten811.Hamster;
				PRODUCT_NAME = "$(TARGET_NAME)";
				SWIFT_EMIT_LOC_STRINGS = YES;
				SWIFT_VERSION = 5.0;
				TARGETED_DEVICE_FAMILY = "1,2";
			};
			name = Debug;
		};
		EECF405A2B7A3AD500EE3E4B /* Release */ = {
			isa = XCBuildConfiguration;
			buildSettings = {
				ASSETCATALOG_COMPILER_APPICON_NAME = AppIcon;
				ASSETCATALOG_COMPILER_GLOBAL_ACCENT_COLOR_NAME = AccentColor;
				CODE_SIGN_STYLE = Automatic;
				CURRENT_PROJECT_VERSION = 1;
				DEVELOPMENT_ASSET_PATHS = "\"Hamster/Preview Content\"";
				DEVELOPMENT_TEAM = FN4ZFYG2L7;
				ENABLE_PREVIEWS = YES;
				GENERATE_INFOPLIST_FILE = YES;
				INFOPLIST_KEY_UIApplicationSceneManifest_Generation = YES;
				INFOPLIST_KEY_UIApplicationSupportsIndirectInputEvents = YES;
				INFOPLIST_KEY_UILaunchScreen_Generation = YES;
				INFOPLIST_KEY_UISupportedInterfaceOrientations_iPad = "UIInterfaceOrientationPortrait UIInterfaceOrientationPortraitUpsideDown UIInterfaceOrientationLandscapeLeft UIInterfaceOrientationLandscapeRight";
				INFOPLIST_KEY_UISupportedInterfaceOrientations_iPhone = "UIInterfaceOrientationPortrait UIInterfaceOrientationLandscapeLeft UIInterfaceOrientationLandscapeRight";
				LD_RUNPATH_SEARCH_PATHS = (
					"$(inherited)",
					"@executable_path/Frameworks",
				);
				MARKETING_VERSION = 1.0;
				PRODUCT_BUNDLE_IDENTIFIER = com.gmail.chanten811.Hamster;
				PRODUCT_NAME = "$(TARGET_NAME)";
				SWIFT_EMIT_LOC_STRINGS = YES;
				SWIFT_VERSION = 5.0;
				TARGETED_DEVICE_FAMILY = "1,2";
			};
			name = Release;
		};
/* End XCBuildConfiguration section */

/* Begin XCConfigurationList section */
		EECF40452B7A3AD000EE3E4B /* Build configuration list for PBXProject "Hamster" */ = {
			isa = XCConfigurationList;
			buildConfigurations = (
				EECF40562B7A3AD500EE3E4B /* Debug */,
				EECF40572B7A3AD500EE3E4B /* Release */,
			);
			defaultConfigurationIsVisible = 0;
			defaultConfigurationName = Release;
		};
		EECF40582B7A3AD500EE3E4B /* Build configuration list for PBXNativeTarget "Hamster" */ = {
			isa = XCConfigurationList;
			buildConfigurations = (
				EECF40592B7A3AD500EE3E4B /* Debug */,
				EECF405A2B7A3AD500EE3E4B /* Release */,
			);
			defaultConfigurationIsVisible = 0;
			defaultConfigurationName = Release;
		};
/* End XCConfigurationList section */
	};
	rootObject = EECF40422B7A3AD000EE3E4B /* Project object */;
}
